// !$*UTF8*$!
{
	archiveVersion = 1;
	classes = {
	};
	objectVersion = 55;
	objects = {

/* Begin PBXBuildFile section */
		936BE52D283F4C3600B9DD7D /* CoreDataController.swift in Sources */ = {isa = PBXBuildFile; fileRef = 936BE52C283F4C3600B9DD7D /* CoreDataController.swift */; };
		B84CCD362829975400E9AC21 /* tasksListApp.swift in Sources */ = {isa = PBXBuildFile; fileRef = B84CCD352829975400E9AC21 /* tasksListApp.swift */; };
		B84CCD382829975400E9AC21 /* TasksListView.swift in Sources */ = {isa = PBXBuildFile; fileRef = B84CCD372829975400E9AC21 /* TasksListView.swift */; };
		B84CCD3A2829975600E9AC21 /* Assets.xcassets in Resources */ = {isa = PBXBuildFile; fileRef = B84CCD392829975600E9AC21 /* Assets.xcassets */; };
		B84CCD3D2829975600E9AC21 /* Preview Assets.xcassets in Resources */ = {isa = PBXBuildFile; fileRef = B84CCD3C2829975600E9AC21 /* Preview Assets.xcassets */; };
		B84CCD422829975600E9AC21 /* tasksList.xcdatamodeld in Sources */ = {isa = PBXBuildFile; fileRef = B84CCD402829975600E9AC21 /* tasksList.xcdatamodeld */; };
		B84CCD492829981200E9AC21 /* CoreDataManager.swift in Sources */ = {isa = PBXBuildFile; fileRef = B84CCD482829981200E9AC21 /* CoreDataManager.swift */; };
		B84CCD4B2829A10600E9AC21 /* TaskRow.swift in Sources */ = {isa = PBXBuildFile; fileRef = B84CCD4A2829A10500E9AC21 /* TaskRow.swift */; };
		B84CCD4F282A7B9200E9AC21 /* ViewModel.swift in Sources */ = {isa = PBXBuildFile; fileRef = B84CCD4E282A7B9200E9AC21 /* ViewModel.swift */; };
		B84CCD56282A804200E9AC21 /* DateExtension.swift in Sources */ = {isa = PBXBuildFile; fileRef = B84CCD55282A804200E9AC21 /* DateExtension.swift */; };
		B84CCD5B282A8A4200E9AC21 /* TaskExtension.swift in Sources */ = {isa = PBXBuildFile; fileRef = B84CCD5A282A8A4200E9AC21 /* TaskExtension.swift */; };
		B8C62B9B283FA208008858FD /* ShownTask.swift in Sources */ = {isa = PBXBuildFile; fileRef = B8C62B9A283FA208008858FD /* ShownTask.swift */; };
/* End PBXBuildFile section */

/* Begin PBXFileReference section */
		936BE52C283F4C3600B9DD7D /* CoreDataController.swift */ = {isa = PBXFileReference; lastKnownFileType = sourcecode.swift; path = CoreDataController.swift; sourceTree = "<group>"; };
		B84CCD322829975400E9AC21 /* tasksList.app */ = {isa = PBXFileReference; explicitFileType = wrapper.application; includeInIndex = 0; path = tasksList.app; sourceTree = BUILT_PRODUCTS_DIR; };
		B84CCD352829975400E9AC21 /* tasksListApp.swift */ = {isa = PBXFileReference; lastKnownFileType = sourcecode.swift; path = tasksListApp.swift; sourceTree = "<group>"; };
		B84CCD372829975400E9AC21 /* TasksListView.swift */ = {isa = PBXFileReference; lastKnownFileType = sourcecode.swift; path = TasksListView.swift; sourceTree = "<group>"; };
		B84CCD392829975600E9AC21 /* Assets.xcassets */ = {isa = PBXFileReference; lastKnownFileType = folder.assetcatalog; path = Assets.xcassets; sourceTree = "<group>"; };
		B84CCD3C2829975600E9AC21 /* Preview Assets.xcassets */ = {isa = PBXFileReference; lastKnownFileType = folder.assetcatalog; path = "Preview Assets.xcassets"; sourceTree = "<group>"; };
		B84CCD412829975600E9AC21 /* tasksList.xcdatamodel */ = {isa = PBXFileReference; lastKnownFileType = wrapper.xcdatamodel; path = tasksList.xcdatamodel; sourceTree = "<group>"; };
		B84CCD482829981200E9AC21 /* CoreDataManager.swift */ = {isa = PBXFileReference; lastKnownFileType = sourcecode.swift; path = CoreDataManager.swift; sourceTree = "<group>"; };
		B84CCD4A2829A10500E9AC21 /* TaskRow.swift */ = {isa = PBXFileReference; lastKnownFileType = sourcecode.swift; path = TaskRow.swift; sourceTree = "<group>"; };
		B84CCD4E282A7B9200E9AC21 /* ViewModel.swift */ = {isa = PBXFileReference; lastKnownFileType = sourcecode.swift; path = ViewModel.swift; sourceTree = "<group>"; };
		B84CCD55282A804200E9AC21 /* DateExtension.swift */ = {isa = PBXFileReference; lastKnownFileType = sourcecode.swift; path = DateExtension.swift; sourceTree = "<group>"; };
		B84CCD5A282A8A4200E9AC21 /* TaskExtension.swift */ = {isa = PBXFileReference; lastKnownFileType = sourcecode.swift; path = TaskExtension.swift; sourceTree = "<group>"; };
		B8C62B9A283FA208008858FD /* ShownTask.swift */ = {isa = PBXFileReference; lastKnownFileType = sourcecode.swift; path = ShownTask.swift; sourceTree = "<group>"; };
/* End PBXFileReference section */

/* Begin PBXFrameworksBuildPhase section */
		B84CCD2F2829975400E9AC21 /* Frameworks */ = {
			isa = PBXFrameworksBuildPhase;
			buildActionMask = 2147483647;
			files = (
			);
			runOnlyForDeploymentPostprocessing = 0;
		};
/* End PBXFrameworksBuildPhase section */

/* Begin PBXGroup section */
		B84CCD292829975300E9AC21 = {
			isa = PBXGroup;
			children = (
				B84CCD342829975400E9AC21 /* tasksList */,
				B84CCD332829975400E9AC21 /* Products */,
			);
			sourceTree = "<group>";
		};
		B84CCD332829975400E9AC21 /* Products */ = {
			isa = PBXGroup;
			children = (
				B84CCD322829975400E9AC21 /* tasksList.app */,
			);
			name = Products;
			sourceTree = "<group>";
		};
		B84CCD342829975400E9AC21 /* tasksList */ = {
			isa = PBXGroup;
			children = (
				B8C62B99283FA1FB008858FD /* Model */,
				B84CCD54282A802400E9AC21 /* Extension */,
				B84CCD53282A7FFE00E9AC21 /* Managers */,
				B84CCD52282A7FF400E9AC21 /* App */,
				B84CCD51282A7FC600E9AC21 /* ViewModel */,
				B84CCD50282A7FBF00E9AC21 /* View */,
				B84CCD392829975600E9AC21 /* Assets.xcassets */,
				B84CCD402829975600E9AC21 /* tasksList.xcdatamodeld */,
				B84CCD3B2829975600E9AC21 /* Preview Content */,
				936BE52C283F4C3600B9DD7D /* CoreDataController.swift */,
			);
			path = tasksList;
			sourceTree = "<group>";
		};
		B84CCD3B2829975600E9AC21 /* Preview Content */ = {
			isa = PBXGroup;
			children = (
				B84CCD3C2829975600E9AC21 /* Preview Assets.xcassets */,
			);
			path = "Preview Content";
			sourceTree = "<group>";
		};
		B84CCD50282A7FBF00E9AC21 /* View */ = {
			isa = PBXGroup;
			children = (
				B84CCD4A2829A10500E9AC21 /* TaskRow.swift */,
				B84CCD372829975400E9AC21 /* TasksListView.swift */,
			);
			path = View;
			sourceTree = "<group>";
		};
		B84CCD51282A7FC600E9AC21 /* ViewModel */ = {
			isa = PBXGroup;
			children = (
				B84CCD4E282A7B9200E9AC21 /* ViewModel.swift */,
			);
			path = ViewModel;
			sourceTree = "<group>";
		};
		B84CCD52282A7FF400E9AC21 /* App */ = {
			isa = PBXGroup;
			children = (
				B84CCD352829975400E9AC21 /* tasksListApp.swift */,
			);
			path = App;
			sourceTree = "<group>";
		};
		B84CCD53282A7FFE00E9AC21 /* Managers */ = {
			isa = PBXGroup;
			children = (
				B84CCD482829981200E9AC21 /* CoreDataManager.swift */,
			);
			path = Managers;
			sourceTree = "<group>";
		};
		B84CCD54282A802400E9AC21 /* Extension */ = {
			isa = PBXGroup;
			children = (
				B84CCD55282A804200E9AC21 /* DateExtension.swift */,
				B84CCD5A282A8A4200E9AC21 /* TaskExtension.swift */,
			);
			path = Extension;
			sourceTree = "<group>";
		};
		B8C62B99283FA1FB008858FD /* Model */ = {
			isa = PBXGroup;
			children = (
				B8C62B9A283FA208008858FD /* ShownTask.swift */,
			);
			path = Model;
			sourceTree = "<group>";
		};
/* End PBXGroup section */

/* Begin PBXNativeTarget section */
		B84CCD312829975400E9AC21 /* tasksList */ = {
			isa = PBXNativeTarget;
			buildConfigurationList = B84CCD452829975600E9AC21 /* Build configuration list for PBXNativeTarget "tasksList" */;
			buildPhases = (
				B84CCD2E2829975400E9AC21 /* Sources */,
				B84CCD2F2829975400E9AC21 /* Frameworks */,
				B84CCD302829975400E9AC21 /* Resources */,
			);
			buildRules = (
			);
			dependencies = (
			);
			name = tasksList;
			productName = tasksList;
			productReference = B84CCD322829975400E9AC21 /* tasksList.app */;
			productType = "com.apple.product-type.application";
		};
/* End PBXNativeTarget section */

/* Begin PBXProject section */
		B84CCD2A2829975300E9AC21 /* Project object */ = {
			isa = PBXProject;
			attributes = {
				BuildIndependentTargetsInParallel = 1;
				LastSwiftUpdateCheck = 1330;
				LastUpgradeCheck = 1330;
				TargetAttributes = {
					B84CCD312829975400E9AC21 = {
						CreatedOnToolsVersion = 13.3.1;
					};
				};
			};
			buildConfigurationList = B84CCD2D2829975300E9AC21 /* Build configuration list for PBXProject "tasksList" */;
			compatibilityVersion = "Xcode 13.0";
			developmentRegion = en;
			hasScannedForEncodings = 0;
			knownRegions = (
				en,
				Base,
			);
			mainGroup = B84CCD292829975300E9AC21;
			productRefGroup = B84CCD332829975400E9AC21 /* Products */;
			projectDirPath = "";
			projectRoot = "";
			targets = (
				B84CCD312829975400E9AC21 /* tasksList */,
			);
		};
/* End PBXProject section */

/* Begin PBXResourcesBuildPhase section */
		B84CCD302829975400E9AC21 /* Resources */ = {
			isa = PBXResourcesBuildPhase;
			buildActionMask = 2147483647;
			files = (
				B84CCD3D2829975600E9AC21 /* Preview Assets.xcassets in Resources */,
				B84CCD3A2829975600E9AC21 /* Assets.xcassets in Resources */,
			);
			runOnlyForDeploymentPostprocessing = 0;
		};
/* End PBXResourcesBuildPhase section */

/* Begin PBXSourcesBuildPhase section */
		B84CCD2E2829975400E9AC21 /* Sources */ = {
			isa = PBXSourcesBuildPhase;
			buildActionMask = 2147483647;
			files = (
				B84CCD4B2829A10600E9AC21 /* TaskRow.swift in Sources */,
				B84CCD56282A804200E9AC21 /* DateExtension.swift in Sources */,
				B84CCD422829975600E9AC21 /* tasksList.xcdatamodeld in Sources */,
				B84CCD492829981200E9AC21 /* CoreDataManager.swift in Sources */,
				B84CCD382829975400E9AC21 /* TasksListView.swift in Sources */,
				936BE52D283F4C3600B9DD7D /* CoreDataController.swift in Sources */,
				B8C62B9B283FA208008858FD /* ShownTask.swift in Sources */,
				B84CCD4F282A7B9200E9AC21 /* ViewModel.swift in Sources */,
				B84CCD5B282A8A4200E9AC21 /* TaskExtension.swift in Sources */,
				B84CCD362829975400E9AC21 /* tasksListApp.swift in Sources */,
			);
			runOnlyForDeploymentPostprocessing = 0;
		};
/* End PBXSourcesBuildPhase section */

/* Begin XCBuildConfiguration section */
		B84CCD432829975600E9AC21 /* Debug */ = {
			isa = XCBuildConfiguration;
			buildSettings = {
				ALWAYS_SEARCH_USER_PATHS = NO;
				CLANG_ANALYZER_NONNULL = YES;
				CLANG_ANALYZER_NUMBER_OBJECT_CONVERSION = YES_AGGRESSIVE;
				CLANG_CXX_LANGUAGE_STANDARD = "gnu++17";
				CLANG_ENABLE_MODULES = YES;
				CLANG_ENABLE_OBJC_ARC = YES;
				CLANG_ENABLE_OBJC_WEAK = YES;
				CLANG_WARN_BLOCK_CAPTURE_AUTORELEASING = YES;
				CLANG_WARN_BOOL_CONVERSION = YES;
				CLANG_WARN_COMMA = YES;
				CLANG_WARN_CONSTANT_CONVERSION = YES;
				CLANG_WARN_DEPRECATED_OBJC_IMPLEMENTATIONS = YES;
				CLANG_WARN_DIRECT_OBJC_ISA_USAGE = YES_ERROR;
				CLANG_WARN_DOCUMENTATION_COMMENTS = YES;
				CLANG_WARN_EMPTY_BODY = YES;
				CLANG_WARN_ENUM_CONVERSION = YES;
				CLANG_WARN_INFINITE_RECURSION = YES;
				CLANG_WARN_INT_CONVERSION = YES;
				CLANG_WARN_NON_LITERAL_NULL_CONVERSION = YES;
				CLANG_WARN_OBJC_IMPLICIT_RETAIN_SELF = YES;
				CLANG_WARN_OBJC_LITERAL_CONVERSION = YES;
				CLANG_WARN_OBJC_ROOT_CLASS = YES_ERROR;
				CLANG_WARN_QUOTED_INCLUDE_IN_FRAMEWORK_HEADER = YES;
				CLANG_WARN_RANGE_LOOP_ANALYSIS = YES;
				CLANG_WARN_STRICT_PROTOTYPES = YES;
				CLANG_WARN_SUSPICIOUS_MOVE = YES;
				CLANG_WARN_UNGUARDED_AVAILABILITY = YES_AGGRESSIVE;
				CLANG_WARN_UNREACHABLE_CODE = YES;
				CLANG_WARN__DUPLICATE_METHOD_MATCH = YES;
				COPY_PHASE_STRIP = NO;
				DEBUG_INFORMATION_FORMAT = dwarf;
				ENABLE_STRICT_OBJC_MSGSEND = YES;
				ENABLE_TESTABILITY = YES;
				GCC_C_LANGUAGE_STANDARD = gnu11;
				GCC_DYNAMIC_NO_PIC = NO;
				GCC_NO_COMMON_BLOCKS = YES;
				GCC_OPTIMIZATION_LEVEL = 0;
				GCC_PREPROCESSOR_DEFINITIONS = (
					"DEBUG=1",
					"$(inherited)",
				);
				GCC_WARN_64_TO_32_BIT_CONVERSION = YES;
				GCC_WARN_ABOUT_RETURN_TYPE = YES_ERROR;
				GCC_WARN_UNDECLARED_SELECTOR = YES;
				GCC_WARN_UNINITIALIZED_AUTOS = YES_AGGRESSIVE;
				GCC_WARN_UNUSED_FUNCTION = YES;
				GCC_WARN_UNUSED_VARIABLE = YES;
				IPHONEOS_DEPLOYMENT_TARGET = 15.4;
				MTL_ENABLE_DEBUG_INFO = INCLUDE_SOURCE;
				MTL_FAST_MATH = YES;
				ONLY_ACTIVE_ARCH = YES;
				SDKROOT = iphoneos;
				SWIFT_ACTIVE_COMPILATION_CONDITIONS = DEBUG;
				SWIFT_OPTIMIZATION_LEVEL = "-Onone";
			};
			name = Debug;
		};
		B84CCD442829975600E9AC21 /* Release */ = {
			isa = XCBuildConfiguration;
			buildSettings = {
				ALWAYS_SEARCH_USER_PATHS = NO;
				CLANG_ANALYZER_NONNULL = YES;
				CLANG_ANALYZER_NUMBER_OBJECT_CONVERSION = YES_AGGRESSIVE;
				CLANG_CXX_LANGUAGE_STANDARD = "gnu++17";
				CLANG_ENABLE_MODULES = YES;
				CLANG_ENABLE_OBJC_ARC = YES;
				CLANG_ENABLE_OBJC_WEAK = YES;
				CLANG_WARN_BLOCK_CAPTURE_AUTORELEASING = YES;
				CLANG_WARN_BOOL_CONVERSION = YES;
				CLANG_WARN_COMMA = YES;
				CLANG_WARN_CONSTANT_CONVERSION = YES;
				CLANG_WARN_DEPRECATED_OBJC_IMPLEMENTATIONS = YES;
				CLANG_WARN_DIRECT_OBJC_ISA_USAGE = YES_ERROR;
				CLANG_WARN_DOCUMENTATION_COMMENTS = YES;
				CLANG_WARN_EMPTY_BODY = YES;
				CLANG_WARN_ENUM_CONVERSION = YES;
				CLANG_WARN_INFINITE_RECURSION = YES;
				CLANG_WARN_INT_CONVERSION = YES;
				CLANG_WARN_NON_LITERAL_NULL_CONVERSION = YES;
				CLANG_WARN_OBJC_IMPLICIT_RETAIN_SELF = YES;
				CLANG_WARN_OBJC_LITERAL_CONVERSION = YES;
				CLANG_WARN_OBJC_ROOT_CLASS = YES_ERROR;
				CLANG_WARN_QUOTED_INCLUDE_IN_FRAMEWORK_HEADER = YES;
				CLANG_WARN_RANGE_LOOP_ANALYSIS = YES;
				CLANG_WARN_STRICT_PROTOTYPES = YES;
				CLANG_WARN_SUSPICIOUS_MOVE = YES;
				CLANG_WARN_UNGUARDED_AVAILABILITY = YES_AGGRESSIVE;
				CLANG_WARN_UNREACHABLE_CODE = YES;
				CLANG_WARN__DUPLICATE_METHOD_MATCH = YES;
				COPY_PHASE_STRIP = NO;
				DEBUG_INFORMATION_FORMAT = "dwarf-with-dsym";
				ENABLE_NS_ASSERTIONS = NO;
				ENABLE_STRICT_OBJC_MSGSEND = YES;
				GCC_C_LANGUAGE_STANDARD = gnu11;
				GCC_NO_COMMON_BLOCKS = YES;
				GCC_WARN_64_TO_32_BIT_CONVERSION = YES;
				GCC_WARN_ABOUT_RETURN_TYPE = YES_ERROR;
				GCC_WARN_UNDECLARED_SELECTOR = YES;
				GCC_WARN_UNINITIALIZED_AUTOS = YES_AGGRESSIVE;
				GCC_WARN_UNUSED_FUNCTION = YES;
				GCC_WARN_UNUSED_VARIABLE = YES;
				IPHONEOS_DEPLOYMENT_TARGET = 15.4;
				MTL_ENABLE_DEBUG_INFO = NO;
				MTL_FAST_MATH = YES;
				SDKROOT = iphoneos;
				SWIFT_COMPILATION_MODE = wholemodule;
				SWIFT_OPTIMIZATION_LEVEL = "-O";
				VALIDATE_PRODUCT = YES;
			};
			name = Release;
		};
		B84CCD462829975600E9AC21 /* Debug */ = {
			isa = XCBuildConfiguration;
			buildSettings = {
				ASSETCATALOG_COMPILER_APPICON_NAME = AppIcon;
				ASSETCATALOG_COMPILER_GLOBAL_ACCENT_COLOR_NAME = AccentColor;
				CODE_SIGN_STYLE = Automatic;
				CURRENT_PROJECT_VERSION = 1;
				DEVELOPMENT_ASSET_PATHS = "\"tasksList/Preview Content\"";
				DEVELOPMENT_TEAM = 3S2CYLM3U4;
				ENABLE_PREVIEWS = YES;
				GENERATE_INFOPLIST_FILE = YES;
				INFOPLIST_KEY_UIApplicationSceneManifest_Generation = YES;
				INFOPLIST_KEY_UIApplicationSupportsIndirectInputEvents = YES;
				INFOPLIST_KEY_UILaunchScreen_Generation = YES;
				INFOPLIST_KEY_UISupportedInterfaceOrientations_iPad = "UIInterfaceOrientationPortrait UIInterfaceOrientationPortraitUpsideDown UIInterfaceOrientationLandscapeLeft UIInterfaceOrientationLandscapeRight";
				INFOPLIST_KEY_UISupportedInterfaceOrientations_iPhone = "UIInterfaceOrientationPortrait UIInterfaceOrientationLandscapeLeft UIInterfaceOrientationLandscapeRight";
				LD_RUNPATH_SEARCH_PATHS = (
					"$(inherited)",
					"@executable_path/Frameworks",
				);
				MARKETING_VERSION = 1.0;
				PRODUCT_BUNDLE_IDENTIFIER = test.tasksList;
				PRODUCT_NAME = "$(TARGET_NAME)";
				SWIFT_EMIT_LOC_STRINGS = YES;
				SWIFT_VERSION = 5.0;
				TARGETED_DEVICE_FAMILY = "1,2";
			};
			name = Debug;
		};
		B84CCD472829975600E9AC21 /* Release */ = {
			isa = XCBuildConfiguration;
			buildSettings = {
				ASSETCATALOG_COMPILER_APPICON_NAME = AppIcon;
				ASSETCATALOG_COMPILER_GLOBAL_ACCENT_COLOR_NAME = AccentColor;
				CODE_SIGN_STYLE = Automatic;
				CURRENT_PROJECT_VERSION = 1;
				DEVELOPMENT_ASSET_PATHS = "\"tasksList/Preview Content\"";
				DEVELOPMENT_TEAM = 3S2CYLM3U4;
				ENABLE_PREVIEWS = YES;
				GENERATE_INFOPLIST_FILE = YES;
				INFOPLIST_KEY_UIApplicationSceneManifest_Generation = YES;
				INFOPLIST_KEY_UIApplicationSupportsIndirectInputEvents = YES;
				INFOPLIST_KEY_UILaunchScreen_Generation = YES;
				INFOPLIST_KEY_UISupportedInterfaceOrientations_iPad = "UIInterfaceOrientationPortrait UIInterfaceOrientationPortraitUpsideDown UIInterfaceOrientationLandscapeLeft UIInterfaceOrientationLandscapeRight";
				INFOPLIST_KEY_UISupportedInterfaceOrientations_iPhone = "UIInterfaceOrientationPortrait UIInterfaceOrientationLandscapeLeft UIInterfaceOrientationLandscapeRight";
				LD_RUNPATH_SEARCH_PATHS = (
					"$(inherited)",
					"@executable_path/Frameworks",
				);
				MARKETING_VERSION = 1.0;
				PRODUCT_BUNDLE_IDENTIFIER = test.tasksList;
				PRODUCT_NAME = "$(TARGET_NAME)";
				SWIFT_EMIT_LOC_STRINGS = YES;
				SWIFT_VERSION = 5.0;
				TARGETED_DEVICE_FAMILY = "1,2";
			};
			name = Release;
		};
/* End XCBuildConfiguration section */

/* Begin XCConfigurationList section */
		B84CCD2D2829975300E9AC21 /* Build configuration list for PBXProject "tasksList" */ = {
			isa = XCConfigurationList;
			buildConfigurations = (
				B84CCD432829975600E9AC21 /* Debug */,
				B84CCD442829975600E9AC21 /* Release */,
			);
			defaultConfigurationIsVisible = 0;
			defaultConfigurationName = Release;
		};
		B84CCD452829975600E9AC21 /* Build configuration list for PBXNativeTarget "tasksList" */ = {
			isa = XCConfigurationList;
			buildConfigurations = (
				B84CCD462829975600E9AC21 /* Debug */,
				B84CCD472829975600E9AC21 /* Release */,
			);
			defaultConfigurationIsVisible = 0;
			defaultConfigurationName = Release;
		};
/* End XCConfigurationList section */

/* Begin XCVersionGroup section */
		B84CCD402829975600E9AC21 /* tasksList.xcdatamodeld */ = {
			isa = XCVersionGroup;
			children = (
				B84CCD412829975600E9AC21 /* tasksList.xcdatamodel */,
			);
			currentVersion = B84CCD412829975600E9AC21 /* tasksList.xcdatamodel */;
			path = tasksList.xcdatamodeld;
			sourceTree = "<group>";
			versionGroupType = wrapper.xcdatamodel;
		};
/* End XCVersionGroup section */
	};
	rootObject = B84CCD2A2829975300E9AC21 /* Project object */;
}
